
Microsoft Visual Studio Solution File, Format Version 12.00
# Visual Studio Version 17
VisualStudioVersion = 17.0.31903.59
MinimumVisualStudioVersion = 10.0.40219.1
Project("{FAE04EC0-301F-11D3-BF4B-00C04F79EFBC}") = "OrderAPI", "OrderAPI\OrderAPI.csproj", "{F9BA4D09-D6BF-482D-8EC4-55FE2A78DE3D}"
EndProject
Project("{FAE04EC0-301F-11D3-BF4B-00C04F79EFBC}") = "StockAPI", "StockAPI\StockAPI.csproj", "{8561F4D4-D599-4A40-BBDA-0CFD3829AB8C}"
EndProject
Project("{FAE04EC0-301F-11D3-BF4B-00C04F79EFBC}") = "InvoiceAPI", "InvoiceAPI\InvoiceAPI.csproj", "{CABD0C14-96F6-4492-BC06-62423BB3CFD1}"
EndProject
Project("{FAE04EC0-301F-11D3-BF4B-00C04F79EFBC}") = "BillingAPI", "BillingAPI\BillingAPI.csproj", "{BBC64980-4188-4D94-8CBE-78BD212E45BA}"
EndProject
Project("{FAE04EC0-301F-11D3-BF4B-00C04F79EFBC}") = "Shared", "Shared\Shared.csproj", "{C9408FEE-3205-41FC-BD4E-905CE80B0C0D}"
EndProject
Global
	GlobalSection(SolutionConfigurationPlatforms) = preSolution
		Debug|Any CPU = Debug|Any CPU
		Debug|x64 = Debug|x64
		Debug|x86 = Debug|x86
		Release|Any CPU = Release|Any CPU
		Release|x64 = Release|x64
		Release|x86 = Release|x86
	EndGlobalSection
	GlobalSection(ProjectConfigurationPlatforms) = postSolution
		{F9BA4D09-D6BF-482D-8EC4-55FE2A78DE3D}.Debug|Any CPU.ActiveCfg = Debug|Any CPU
		{F9BA4D09-D6BF-482D-8EC4-55FE2A78DE3D}.Debug|Any CPU.Build.0 = Debug|Any CPU
		{F9BA4D09-D6BF-482D-8EC4-55FE2A78DE3D}.Debug|x64.ActiveCfg = Debug|Any CPU
		{F9BA4D09-D6BF-482D-8EC4-55FE2A78DE3D}.Debug|x64.Build.0 = Debug|Any CPU
		{F9BA4D09-D6BF-482D-8EC4-55FE2A78DE3D}.Debug|x86.ActiveCfg = Debug|Any CPU
		{F9BA4D09-D6BF-482D-8EC4-55FE2A78DE3D}.Debug|x86.Build.0 = Debug|Any CPU
		{F9BA4D09-D6BF-482D-8EC4-55FE2A78DE3D}.Release|Any CPU.ActiveCfg = Release|Any CPU
		{F9BA4D09-D6BF-482D-8EC4-55FE2A78DE3D}.Release|Any CPU.Build.0 = Release|Any CPU
		{F9BA4D09-D6BF-482D-8EC4-55FE2A78DE3D}.Release|x64.ActiveCfg = Release|Any CPU
		{F9BA4D09-D6BF-482D-8EC4-55FE2A78DE3D}.Release|x64.Build.0 = Release|Any CPU
		{F9BA4D09-D6BF-482D-8EC4-55FE2A78DE3D}.Release|x86.ActiveCfg = Release|Any CPU
		{F9BA4D09-D6BF-482D-8EC4-55FE2A78DE3D}.Release|x86.Build.0 = Release|Any CPU
		{8561F4D4-D599-4A40-BBDA-0CFD3829AB8C}.Debug|Any CPU.ActiveCfg = Debug|Any CPU
		{8561F4D4-D599-4A40-BBDA-0CFD3829AB8C}.Debug|Any CPU.Build.0 = Debug|Any CPU
		{8561F4D4-D599-4A40-BBDA-0CFD3829AB8C}.Debug|x64.ActiveCfg = Debug|Any CPU
		{8561F4D4-D599-4A40-BBDA-0CFD3829AB8C}.Debug|x64.Build.0 = Debug|Any CPU
		{8561F4D4-D599-4A40-BBDA-0CFD3829AB8C}.Debug|x86.ActiveCfg = Debug|Any CPU
		{8561F4D4-D599-4A40-BBDA-0CFD3829AB8C}.Debug|x86.Build.0 = Debug|Any CPU
		{8561F4D4-D599-4A40-BBDA-0CFD3829AB8C}.Release|Any CPU.ActiveCfg = Release|Any CPU
		{8561F4D4-D599-4A40-BBDA-0CFD3829AB8C}.Release|Any CPU.Build.0 = Release|Any CPU
		{8561F4D4-D599-4A40-BBDA-0CFD3829AB8C}.Release|x64.ActiveCfg = Release|Any CPU
		{8561F4D4-D599-4A40-BBDA-0CFD3829AB8C}.Release|x64.Build.0 = Release|Any CPU
		{8561F4D4-D599-4A40-BBDA-0CFD3829AB8C}.Release|x86.ActiveCfg = Release|Any CPU
		{8561F4D4-D599-4A40-BBDA-0CFD3829AB8C}.Release|x86.Build.0 = Release|Any CPU
		{CABD0C14-96F6-4492-BC06-62423BB3CFD1}.Debug|Any CPU.ActiveCfg = Debug|Any CPU
		{CABD0C14-96F6-4492-BC06-62423BB3CFD1}.Debug|Any CPU.Build.0 = Debug|Any CPU
		{CABD0C14-96F6-4492-BC06-62423BB3CFD1}.Debug|x64.ActiveCfg = Debug|Any CPU
		{CABD0C14-96F6-4492-BC06-62423BB3CFD1}.Debug|x64.Build.0 = Debug|Any CPU
		{CABD0C14-96F6-4492-BC06-62423BB3CFD1}.Debug|x86.ActiveCfg = Debug|Any CPU
		{CABD0C14-96F6-4492-BC06-62423BB3CFD1}.Debug|x86.Build.0 = Debug|Any CPU
		{CABD0C14-96F6-4492-BC06-62423BB3CFD1}.Release|Any CPU.ActiveCfg = Release|Any CPU
		{CABD0C14-96F6-4492-BC06-62423BB3CFD1}.Release|Any CPU.Build.0 = Release|Any CPU
		{CABD0C14-96F6-4492-BC06-62423BB3CFD1}.Release|x64.ActiveCfg = Release|Any CPU
		{CABD0C14-96F6-4492-BC06-62423BB3CFD1}.Release|x64.Build.0 = Release|Any CPU
		{CABD0C14-96F6-4492-BC06-62423BB3CFD1}.Release|x86.ActiveCfg = Release|Any CPU
		{CABD0C14-96F6-4492-BC06-62423BB3CFD1}.Release|x86.Build.0 = Release|Any CPU
		{BBC64980-4188-4D94-8CBE-78BD212E45BA}.Debug|Any CPU.ActiveCfg = Debug|Any CPU
		{BBC64980-4188-4D94-8CBE-78BD212E45BA}.Debug|Any CPU.Build.0 = Debug|Any CPU
		{BBC64980-4188-4D94-8CBE-78BD212E45BA}.Debug|x64.ActiveCfg = Debug|Any CPU
		{BBC64980-4188-4D94-8CBE-78BD212E45BA}.Debug|x64.Build.0 = Debug|Any CPU
		{BBC64980-4188-4D94-8CBE-78BD212E45BA}.Debug|x86.ActiveCfg = Debug|Any CPU
		{BBC64980-4188-4D94-8CBE-78BD212E45BA}.Debug|x86.Build.0 = Debug|Any CPU
		{BBC64980-4188-4D94-8CBE-78BD212E45BA}.Release|Any CPU.ActiveCfg = Release|Any CPU
		{BBC64980-4188-4D94-8CBE-78BD212E45BA}.Release|Any CPU.Build.0 = Release|Any CPU
		{BBC64980-4188-4D94-8CBE-78BD212E45BA}.Release|x64.ActiveCfg = Release|Any CPU
		{BBC64980-4188-4D94-8CBE-78BD212E45BA}.Release|x64.Build.0 = Release|Any CPU
		{BBC64980-4188-4D94-8CBE-78BD212E45BA}.Release|x86.ActiveCfg = Release|Any CPU
		{BBC64980-4188-4D94-8CBE-78BD212E45BA}.Release|x86.Build.0 = Release|Any CPU
		{5557DC15-12DC-432C-8E6B-4BBA64B7E136}.Debug|Any CPU.ActiveCfg = Debug|Any CPU
		{5557DC15-12DC-432C-8E6B-4BBA64B7E136}.Debug|Any CPU.Build.0 = Debug|Any CPU
		{5557DC15-12DC-432C-8E6B-4BBA64B7E136}.Debug|x64.ActiveCfg = Debug|Any CPU
		{5557DC15-12DC-432C-8E6B-4BBA64B7E136}.Debug|x64.Build.0 = Debug|Any CPU
		{5557DC15-12DC-432C-8E6B-4BBA64B7E136}.Debug|x86.ActiveCfg = Debug|Any CPU
		{5557DC15-12DC-432C-8E6B-4BBA64B7E136}.Debug|x86.Build.0 = Debug|Any CPU
		{5557DC15-12DC-432C-8E6B-4BBA64B7E136}.Release|Any CPU.ActiveCfg = Release|Any CPU
		{5557DC15-12DC-432C-8E6B-4BBA64B7E136}.Release|Any CPU.Build.0 = Release|Any CPU
		{5557DC15-12DC-432C-8E6B-4BBA64B7E136}.Release|x64.ActiveCfg = Release|Any CPU
		{5557DC15-12DC-432C-8E6B-4BBA64B7E136}.Release|x64.Build.0 = Release|Any CPU
		{5557DC15-12DC-432C-8E6B-4BBA64B7E136}.Release|x86.ActiveCfg = Release|Any CPU
		{5557DC15-12DC-432C-8E6B-4BBA64B7E136}.Release|x86.Build.0 = Release|Any CPU
		{C9408FEE-3205-41FC-BD4E-905CE80B0C0D}.Debug|Any CPU.ActiveCfg = Debug|Any CPU
		{C9408FEE-3205-41FC-BD4E-905CE80B0C0D}.Debug|Any CPU.Build.0 = Debug|Any CPU
		{C9408FEE-3205-41FC-BD4E-905CE80B0C0D}.Debug|x64.ActiveCfg = Debug|Any CPU
		{C9408FEE-3205-41FC-BD4E-905CE80B0C0D}.Debug|x64.Build.0 = Debug|Any CPU
		{C9408FEE-3205-41FC-BD4E-905CE80B0C0D}.Debug|x86.ActiveCfg = Debug|Any CPU
		{C9408FEE-3205-41FC-BD4E-905CE80B0C0D}.Debug|x86.Build.0 = Debug|Any CPU
		{C9408FEE-3205-41FC-BD4E-905CE80B0C0D}.Release|Any CPU.ActiveCfg = Release|Any CPU
		{C9408FEE-3205-41FC-BD4E-905CE80B0C0D}.Release|Any CPU.Build.0 = Release|Any CPU
		{C9408FEE-3205-41FC-BD4E-905CE80B0C0D}.Release|x64.ActiveCfg = Release|Any CPU
		{C9408FEE-3205-41FC-BD4E-905CE80B0C0D}.Release|x64.Build.0 = Release|Any CPU
		{C9408FEE-3205-41FC-BD4E-905CE80B0C0D}.Release|x86.ActiveCfg = Release|Any CPU
		{C9408FEE-3205-41FC-BD4E-905CE80B0C0D}.Release|x86.Build.0 = Release|Any CPU
	EndGlobalSection
	GlobalSection(SolutionProperties) = preSolution
		HideSolutionNode = FALSE
	EndGlobalSection
EndGlobal
